
Microsoft Visual Studio Solution File, Format Version 12.00
Project("{FAE04EC0-301F-11D3-BF4B-00C04F79EFBC}") = "TaskManager2", "TaskManager2\TaskManager2.csproj", "{44482FB9-EFEE-43F0-943C-EE07C0BB7EBF}"
EndProject
Global
	GlobalSection(SolutionConfigurationPlatforms) = preSolution
		Debug|Any CPU = Debug|Any CPU
		Release|Any CPU = Release|Any CPU
	EndGlobalSection
	GlobalSection(ProjectConfigurationPlatforms) = postSolution
		{44482FB9-EFEE-43F0-943C-EE07C0BB7EBF}.Debug|Any CPU.ActiveCfg = Debug|Any CPU
		{44482FB9-EFEE-43F0-943C-EE07C0BB7EBF}.Debug|Any CPU.Build.0 = Debug|Any CPU
		{44482FB9-EFEE-43F0-943C-EE07C0BB7EBF}.Release|Any CPU.ActiveCfg = Release|Any CPU
		{44482FB9-EFEE-43F0-943C-EE07C0BB7EBF}.Release|Any CPU.Build.0 = Release|Any CPU
	EndGlobalSection
EndGlobal
